// !$*UTF8*$!
{
	archiveVersion = 1;
	classes = {
	};
	objectVersion = 46;
	objects = {

/* Begin PBXBuildFile section */
		2744FB0C1D2E4E8700AE0211 /* main.m in Sources */ = {isa = PBXBuildFile; fileRef = 2744FB0B1D2E4E8700AE0211 /* main.m */; };
		2744FB0F1D2E4E8700AE0211 /* AppDelegate.m in Sources */ = {isa = PBXBuildFile; fileRef = 2744FB0E1D2E4E8700AE0211 /* AppDelegate.m */; };
		2744FB121D2E4E8700AE0211 /* ViewController.m in Sources */ = {isa = PBXBuildFile; fileRef = 2744FB111D2E4E8700AE0211 /* ViewController.m */; };
		2744FB151D2E4E8700AE0211 /* Main.storyboard in Resources */ = {isa = PBXBuildFile; fileRef = 2744FB131D2E4E8700AE0211 /* Main.storyboard */; };
		2744FB171D2E4E8700AE0211 /* Assets.xcassets in Resources */ = {isa = PBXBuildFile; fileRef = 2744FB161D2E4E8700AE0211 /* Assets.xcassets */; };
		2744FB1A1D2E4E8700AE0211 /* LaunchScreen.storyboard in Resources */ = {isa = PBXBuildFile; fileRef = 2744FB181D2E4E8700AE0211 /* LaunchScreen.storyboard */; };
		2744FB251D2E4E8700AE0211 /* MutableImagePickerTests.m in Sources */ = {isa = PBXBuildFile; fileRef = 2744FB241D2E4E8700AE0211 /* MutableImagePickerTests.m */; };
		2744FB301D2E4E8700AE0211 /* MutableImagePickerUITests.m in Sources */ = {isa = PBXBuildFile; fileRef = 2744FB2F1D2E4E8700AE0211 /* MutableImagePickerUITests.m */; };
/* End PBXBuildFile section */

/* Begin PBXContainerItemProxy section */
		2744FB211D2E4E8700AE0211 /* PBXContainerItemProxy */ = {
			isa = PBXContainerItemProxy;
			containerPortal = 2744FAFF1D2E4E8700AE0211 /* Project object */;
			proxyType = 1;
			remoteGlobalIDString = 2744FB061D2E4E8700AE0211;
			remoteInfo = MutableImagePicker;
		};
		2744FB2C1D2E4E8700AE0211 /* PBXContainerItemProxy */ = {
			isa = PBXContainerItemProxy;
			containerPortal = 2744FAFF1D2E4E8700AE0211 /* Project object */;
			proxyType = 1;
			remoteGlobalIDString = 2744FB061D2E4E8700AE0211;
			remoteInfo = MutableImagePicker;
		};
/* End PBXContainerItemProxy section */

/* Begin PBXFileReference section */
		2744FB071D2E4E8700AE0211 /* MutableImagePicker.app */ = {isa = PBXFileReference; explicitFileType = wrapper.application; includeInIndex = 0; path = MutableImagePicker.app; sourceTree = BUILT_PRODUCTS_DIR; };
		2744FB0B1D2E4E8700AE0211 /* main.m */ = {isa = PBXFileReference; lastKnownFileType = sourcecode.c.objc; path = main.m; sourceTree = "<group>"; };
		2744FB0D1D2E4E8700AE0211 /* AppDelegate.h */ = {isa = PBXFileReference; lastKnownFileType = sourcecode.c.h; path = AppDelegate.h; sourceTree = "<group>"; };
		2744FB0E1D2E4E8700AE0211 /* AppDelegate.m */ = {isa = PBXFileReference; lastKnownFileType = sourcecode.c.objc; path = AppDelegate.m; sourceTree = "<group>"; };
		2744FB101D2E4E8700AE0211 /* ViewController.h */ = {isa = PBXFileReference; lastKnownFileType = sourcecode.c.h; path = ViewController.h; sourceTree = "<group>"; };
		2744FB111D2E4E8700AE0211 /* ViewController.m */ = {isa = PBXFileReference; lastKnownFileType = sourcecode.c.objc; path = ViewController.m; sourceTree = "<group>"; };
		2744FB141D2E4E8700AE0211 /* Base */ = {isa = PBXFileReference; lastKnownFileType = file.storyboard; name = Base; path = Base.lproj/Main.storyboard; sourceTree = "<group>"; };
		2744FB161D2E4E8700AE0211 /* Assets.xcassets */ = {isa = PBXFileReference; lastKnownFileType = folder.assetcatalog; path = Assets.xcassets; sourceTree = "<group>"; };
		2744FB191D2E4E8700AE0211 /* Base */ = {isa = PBXFileReference; lastKnownFileType = file.storyboard; name = Base; path = Base.lproj/LaunchScreen.storyboard; sourceTree = "<group>"; };
		2744FB1B1D2E4E8700AE0211 /* Info.plist */ = {isa = PBXFileReference; lastKnownFileType = text.plist.xml; path = Info.plist; sourceTree = "<group>"; };
		2744FB201D2E4E8700AE0211 /* MutableImagePickerTests.xctest */ = {isa = PBXFileReference; explicitFileType = wrapper.cfbundle; includeInIndex = 0; path = MutableImagePickerTests.xctest; sourceTree = BUILT_PRODUCTS_DIR; };
		2744FB241D2E4E8700AE0211 /* MutableImagePickerTests.m */ = {isa = PBXFileReference; lastKnownFileType = sourcecode.c.objc; path = MutableImagePickerTests.m; sourceTree = "<group>"; };
		2744FB261D2E4E8700AE0211 /* Info.plist */ = {isa = PBXFileReference; lastKnownFileType = text.plist.xml; path = Info.plist; sourceTree = "<group>"; };
		2744FB2B1D2E4E8700AE0211 /* MutableImagePickerUITests.xctest */ = {isa = PBXFileReference; explicitFileType = wrapper.cfbundle; includeInIndex = 0; path = MutableImagePickerUITests.xctest; sourceTree = BUILT_PRODUCTS_DIR; };
		2744FB2F1D2E4E8700AE0211 /* MutableImagePickerUITests.m */ = {isa = PBXFileReference; lastKnownFileType = sourcecode.c.objc; path = MutableImagePickerUITests.m; sourceTree = "<group>"; };
		2744FB311D2E4E8700AE0211 /* Info.plist */ = {isa = PBXFileReference; lastKnownFileType = text.plist.xml; path = Info.plist; sourceTree = "<group>"; };
/* End PBXFileReference section */

/* Begin PBXFrameworksBuildPhase section */
		2744FB041D2E4E8700AE0211 /* Frameworks */ = {
			isa = PBXFrameworksBuildPhase;
			buildActionMask = 2147483647;
			files = (
			);
			runOnlyForDeploymentPostprocessing = 0;
		};
		2744FB1D1D2E4E8700AE0211 /* Frameworks */ = {
			isa = PBXFrameworksBuildPhase;
			buildActionMask = 2147483647;
			files = (
			);
			runOnlyForDeploymentPostprocessing = 0;
		};
		2744FB281D2E4E8700AE0211 /* Frameworks */ = {
			isa = PBXFrameworksBuildPhase;
			buildActionMask = 2147483647;
			files = (
			);
			runOnlyForDeploymentPostprocessing = 0;
		};
/* End PBXFrameworksBuildPhase section */

/* Begin PBXGroup section */
		2744FAFE1D2E4E8700AE0211 = {
			isa = PBXGroup;
			children = (
				2744FB091D2E4E8700AE0211 /* MutableImagePicker */,
				2744FB231D2E4E8700AE0211 /* MutableImagePickerTests */,
				2744FB2E1D2E4E8700AE0211 /* MutableImagePickerUITests */,
				2744FB081D2E4E8700AE0211 /* Products */,
			);
			sourceTree = "<group>";
		};
		2744FB081D2E4E8700AE0211 /* Products */ = {
			isa = PBXGroup;
			children = (
				2744FB071D2E4E8700AE0211 /* MutableImagePicker.app */,
				2744FB201D2E4E8700AE0211 /* MutableImagePickerTests.xctest */,
				2744FB2B1D2E4E8700AE0211 /* MutableImagePickerUITests.xctest */,
			);
			name = Products;
			sourceTree = "<group>";
		};
		2744FB091D2E4E8700AE0211 /* MutableImagePicker */ = {
			isa = PBXGroup;
			children = (
				2744FB0D1D2E4E8700AE0211 /* AppDelegate.h */,
				2744FB0E1D2E4E8700AE0211 /* AppDelegate.m */,
				2744FB101D2E4E8700AE0211 /* ViewController.h */,
				2744FB111D2E4E8700AE0211 /* ViewController.m */,
				2744FB131D2E4E8700AE0211 /* Main.storyboard */,
				2744FB161D2E4E8700AE0211 /* Assets.xcassets */,
				2744FB181D2E4E8700AE0211 /* LaunchScreen.storyboard */,
				2744FB1B1D2E4E8700AE0211 /* Info.plist */,
				2744FB0A1D2E4E8700AE0211 /* Supporting Files */,
			);
			path = MutableImagePicker;
			sourceTree = "<group>";
		};
		2744FB0A1D2E4E8700AE0211 /* Supporting Files */ = {
			isa = PBXGroup;
			children = (
				2744FB0B1D2E4E8700AE0211 /* main.m */,
			);
			name = "Supporting Files";
			sourceTree = "<group>";
		};
		2744FB231D2E4E8700AE0211 /* MutableImagePickerTests */ = {
			isa = PBXGroup;
			children = (
				2744FB241D2E4E8700AE0211 /* MutableImagePickerTests.m */,
				2744FB261D2E4E8700AE0211 /* Info.plist */,
			);
			path = MutableImagePickerTests;
			sourceTree = "<group>";
		};
		2744FB2E1D2E4E8700AE0211 /* MutableImagePickerUITests */ = {
			isa = PBXGroup;
			children = (
				2744FB2F1D2E4E8700AE0211 /* MutableImagePickerUITests.m */,
				2744FB311D2E4E8700AE0211 /* Info.plist */,
			);
			path = MutableImagePickerUITests;
			sourceTree = "<group>";
		};
/* End PBXGroup section */

/* Begin PBXNativeTarget section */
		2744FB061D2E4E8700AE0211 /* MutableImagePicker */ = {
			isa = PBXNativeTarget;
			buildConfigurationList = 2744FB341D2E4E8700AE0211 /* Build configuration list for PBXNativeTarget "MutableImagePicker" */;
			buildPhases = (
				2744FB031D2E4E8700AE0211 /* Sources */,
				2744FB041D2E4E8700AE0211 /* Frameworks */,
				2744FB051D2E4E8700AE0211 /* Resources */,
			);
			buildRules = (
			);
			dependencies = (
			);
			name = MutableImagePicker;
			productName = MutableImagePicker;
			productReference = 2744FB071D2E4E8700AE0211 /* MutableImagePicker.app */;
			productType = "com.apple.product-type.application";
		};
		2744FB1F1D2E4E8700AE0211 /* MutableImagePickerTests */ = {
			isa = PBXNativeTarget;
			buildConfigurationList = 2744FB371D2E4E8700AE0211 /* Build configuration list for PBXNativeTarget "MutableImagePickerTests" */;
			buildPhases = (
				2744FB1C1D2E4E8700AE0211 /* Sources */,
				2744FB1D1D2E4E8700AE0211 /* Frameworks */,
				2744FB1E1D2E4E8700AE0211 /* Resources */,
			);
			buildRules = (
			);
			dependencies = (
				2744FB221D2E4E8700AE0211 /* PBXTargetDependency */,
			);
			name = MutableImagePickerTests;
			productName = MutableImagePickerTests;
			productReference = 2744FB201D2E4E8700AE0211 /* MutableImagePickerTests.xctest */;
			productType = "com.apple.product-type.bundle.unit-test";
		};
		2744FB2A1D2E4E8700AE0211 /* MutableImagePickerUITests */ = {
			isa = PBXNativeTarget;
			buildConfigurationList = 2744FB3A1D2E4E8700AE0211 /* Build configuration list for PBXNativeTarget "MutableImagePickerUITests" */;
			buildPhases = (
				2744FB271D2E4E8700AE0211 /* Sources */,
				2744FB281D2E4E8700AE0211 /* Frameworks */,
				2744FB291D2E4E8700AE0211 /* Resources */,
			);
			buildRules = (
			);
			dependencies = (
				2744FB2D1D2E4E8700AE0211 /* PBXTargetDependency */,
			);
			name = MutableImagePickerUITests;
			productName = MutableImagePickerUITests;
			productReference = 2744FB2B1D2E4E8700AE0211 /* MutableImagePickerUITests.xctest */;
			productType = "com.apple.product-type.bundle.ui-testing";
		};
/* End PBXNativeTarget section */

/* Begin PBXProject section */
		2744FAFF1D2E4E8700AE0211 /* Project object */ = {
			isa = PBXProject;
			attributes = {
				LastUpgradeCheck = 0730;
				ORGANIZATIONNAME = WP_YK;
				TargetAttributes = {
					2744FB061D2E4E8700AE0211 = {
						CreatedOnToolsVersion = 7.3;
					};
					2744FB1F1D2E4E8700AE0211 = {
						CreatedOnToolsVersion = 7.3;
						TestTargetID = 2744FB061D2E4E8700AE0211;
					};
					2744FB2A1D2E4E8700AE0211 = {
						CreatedOnToolsVersion = 7.3;
						TestTargetID = 2744FB061D2E4E8700AE0211;
					};
				};
			};
			buildConfigurationList = 2744FB021D2E4E8700AE0211 /* Build configuration list for PBXProject "MutableImagePicker" */;
			compatibilityVersion = "Xcode 3.2";
			developmentRegion = English;
			hasScannedForEncodings = 0;
			knownRegions = (
				en,
				Base,
			);
			mainGroup = 2744FAFE1D2E4E8700AE0211;
			productRefGroup = 2744FB081D2E4E8700AE0211 /* Products */;
			projectDirPath = "";
			projectRoot = "";
			targets = (
				2744FB061D2E4E8700AE0211 /* MutableImagePicker */,
				2744FB1F1D2E4E8700AE0211 /* MutableImagePickerTests */,
				2744FB2A1D2E4E8700AE0211 /* MutableImagePickerUITests */,
			);
		};
/* End PBXProject section */

/* Begin PBXResourcesBuildPhase section */
		2744FB051D2E4E8700AE0211 /* Resources */ = {
			isa = PBXResourcesBuildPhase;
			buildActionMask = 2147483647;
			files = (
				2744FB1A1D2E4E8700AE0211 /* LaunchScreen.storyboard in Resources */,
				2744FB171D2E4E8700AE0211 /* Assets.xcassets in Resources */,
				2744FB151D2E4E8700AE0211 /* Main.storyboard in Resources */,
			);
			runOnlyForDeploymentPostprocessing = 0;
		};
		2744FB1E1D2E4E8700AE0211 /* Resources */ = {
			isa = PBXResourcesBuildPhase;
			buildActionMask = 2147483647;
			files = (
			);
			runOnlyForDeploymentPostprocessing = 0;
		};
		2744FB291D2E4E8700AE0211 /* Resources */ = {
			isa = PBXResourcesBuildPhase;
			buildActionMask = 2147483647;
			files = (
			);
			runOnlyForDeploymentPostprocessing = 0;
		};
/* End PBXResourcesBuildPhase section */

/* Begin PBXSourcesBuildPhase section */
		2744FB031D2E4E8700AE0211 /* Sources */ = {
			isa = PBXSourcesBuildPhase;
			buildActionMask = 2147483647;
			files = (
				2744FB121D2E4E8700AE0211 /* ViewController.m in Sources */,
				2744FB0F1D2E4E8700AE0211 /* AppDelegate.m in Sources */,
				2744FB0C1D2E4E8700AE0211 /* main.m in Sources */,
			);
			runOnlyForDeploymentPostprocessing = 0;
		};
		2744FB1C1D2E4E8700AE0211 /* Sources */ = {
			isa = PBXSourcesBuildPhase;
			buildActionMask = 2147483647;
			files = (
				2744FB251D2E4E8700AE0211 /* MutableImagePickerTests.m in Sources */,
			);
			runOnlyForDeploymentPostprocessing = 0;
		};
		2744FB271D2E4E8700AE0211 /* Sources */ = {
			isa = PBXSourcesBuildPhase;
			buildActionMask = 2147483647;
			files = (
				2744FB301D2E4E8700AE0211 /* MutableImagePickerUITests.m in Sources */,
			);
			runOnlyForDeploymentPostprocessing = 0;
		};
/* End PBXSourcesBuildPhase section */

/* Begin PBXTargetDependency section */
		2744FB221D2E4E8700AE0211 /* PBXTargetDependency */ = {
			isa = PBXTargetDependency;
			target = 2744FB061D2E4E8700AE0211 /* MutableImagePicker */;
			targetProxy = 2744FB211D2E4E8700AE0211 /* PBXContainerItemProxy */;
		};
		2744FB2D1D2E4E8700AE0211 /* PBXTargetDependency */ = {
			isa = PBXTargetDependency;
			target = 2744FB061D2E4E8700AE0211 /* MutableImagePicker */;
			targetProxy = 2744FB2C1D2E4E8700AE0211 /* PBXContainerItemProxy */;
		};
/* End PBXTargetDependency section */

/* Begin PBXVariantGroup section */
		2744FB131D2E4E8700AE0211 /* Main.storyboard */ = {
			isa = PBXVariantGroup;
			children = (
				2744FB141D2E4E8700AE0211 /* Base */,
			);
			name = Main.storyboard;
			sourceTree = "<group>";
		};
		2744FB181D2E4E8700AE0211 /* LaunchScreen.storyboard */ = {
			isa = PBXVariantGroup;
			children = (
				2744FB191D2E4E8700AE0211 /* Base */,
			);
			name = LaunchScreen.storyboard;
			sourceTree = "<group>";
		};
/* End PBXVariantGroup section */

/* Begin XCBuildConfiguration section */
		2744FB321D2E4E8700AE0211 /* Debug */ = {
			isa = XCBuildConfiguration;
			buildSettings = {
				ALWAYS_SEARCH_USER_PATHS = NO;
				CLANG_ANALYZER_NONNULL = YES;
				CLANG_CXX_LANGUAGE_STANDARD = "gnu++0x";
				CLANG_CXX_LIBRARY = "libc++";
				CLANG_ENABLE_MODULES = YES;
				CLANG_ENABLE_OBJC_ARC = YES;
				CLANG_WARN_BOOL_CONVERSION = YES;
				CLANG_WARN_CONSTANT_CONVERSION = YES;
				CLANG_WARN_DIRECT_OBJC_ISA_USAGE = YES_ERROR;
				CLANG_WARN_EMPTY_BODY = YES;
				CLANG_WARN_ENUM_CONVERSION = YES;
				CLANG_WARN_INT_CONVERSION = YES;
				CLANG_WARN_OBJC_ROOT_CLASS = YES_ERROR;
				CLANG_WARN_UNREACHABLE_CODE = YES;
				CLANG_WARN__DUPLICATE_METHOD_MATCH = YES;
				"CODE_SIGN_IDENTITY[sdk=iphoneos*]" = "iPhone Developer";
				COPY_PHASE_STRIP = NO;
				DEBUG_INFORMATION_FORMAT = dwarf;
				ENABLE_STRICT_OBJC_MSGSEND = YES;
				ENABLE_TESTABILITY = YES;
				GCC_C_LANGUAGE_STANDARD = gnu99;
				GCC_DYNAMIC_NO_PIC = NO;
				GCC_NO_COMMON_BLOCKS = YES;
				GCC_OPTIMIZATION_LEVEL = 0;
				GCC_PREPROCESSOR_DEFINITIONS = (
					"DEBUG=1",
					"$(inherited)",
				);
				GCC_WARN_64_TO_32_BIT_CONVERSION = YES;
				GCC_WARN_ABOUT_RETURN_TYPE = YES_ERROR;
				GCC_WARN_UNDECLARED_SELECTOR = YES;
				GCC_WARN_UNINITIALIZED_AUTOS = YES_AGGRESSIVE;
				GCC_WARN_UNUSED_FUNCTION = YES;
				GCC_WARN_UNUSED_VARIABLE = YES;
				IPHONEOS_DEPLOYMENT_TARGET = 9.3;
				MTL_ENABLE_DEBUG_INFO = YES;
				ONLY_ACTIVE_ARCH = YES;
				SDKROOT = iphoneos;
				TARGETED_DEVICE_FAMILY = "1,2";
			};
			name = Debug;
		};
		2744FB331D2E4E8700AE0211 /* Release */ = {
			isa = XCBuildConfiguration;
			buildSettings = {
				ALWAYS_SEARCH_USER_PATHS = NO;
				CLANG_ANALYZER_NONNULL = YES;
				CLANG_CXX_LANGUAGE_STANDARD = "gnu++0x";
				CLANG_CXX_LIBRARY = "libc++";
				CLANG_ENABLE_MODULES = YES;
				CLANG_ENABLE_OBJC_ARC = YES;
				CLANG_WARN_BOOL_CONVERSION = YES;
				CLANG_WARN_CONSTANT_CONVERSION = YES;
				CLANG_WARN_DIRECT_OBJC_ISA_USAGE = YES_ERROR;
				CLANG_WARN_EMPTY_BODY = YES;
				CLANG_WARN_ENUM_CONVERSION = YES;
				CLANG_WARN_INT_CONVERSION = YES;
				CLANG_WARN_OBJC_ROOT_CLASS = YES_ERROR;
				CLANG_WARN_UNREACHABLE_CODE = YES;
				CLANG_WARN__DUPLICATE_METHOD_MATCH = YES;
				"CODE_SIGN_IDENTITY[sdk=iphoneos*]" = "iPhone Developer";
				COPY_PHASE_STRIP = NO;
				DEBUG_INFORMATION_FORMAT = "dwarf-with-dsym";
				ENABLE_NS_ASSERTIONS = NO;
				ENABLE_STRICT_OBJC_MSGSEND = YES;
				GCC_C_LANGUAGE_STANDARD = gnu99;
				GCC_NO_COMMON_BLOCKS = YES;
				GCC_WARN_64_TO_32_BIT_CONVERSION = YES;
				GCC_WARN_ABOUT_RETURN_TYPE = YES_ERROR;
				GCC_WARN_UNDECLARED_SELECTOR = YES;
				GCC_WARN_UNINITIALIZED_AUTOS = YES_AGGRESSIVE;
				GCC_WARN_UNUSED_FUNCTION = YES;
				GCC_WARN_UNUSED_VARIABLE = YES;
				IPHONEOS_DEPLOYMENT_TARGET = 9.3;
				MTL_ENABLE_DEBUG_INFO = NO;
				SDKROOT = iphoneos;
				TARGETED_DEVICE_FAMILY = "1,2";
				VALIDATE_PRODUCT = YES;
			};
			name = Release;
		};
		2744FB351D2E4E8700AE0211 /* Debug */ = {
			isa = XCBuildConfiguration;
			buildSettings = {
				ASSETCATALOG_COMPILER_APPICON_NAME = AppIcon;
				INFOPLIST_FILE = MutableImagePicker/Info.plist;
				LD_RUNPATH_SEARCH_PATHS = "$(inherited) @executable_path/Frameworks";
				PRODUCT_BUNDLE_IDENTIFIER = YK.MutableImagePicker;
				PRODUCT_NAME = "$(TARGET_NAME)";
			};
			name = Debug;
		};
		2744FB361D2E4E8700AE0211 /* Release */ = {
			isa = XCBuildConfiguration;
			buildSettings = {
				ASSETCATALOG_COMPILER_APPICON_NAME = AppIcon;
				INFOPLIST_FILE = MutableImagePicker/Info.plist;
				LD_RUNPATH_SEARCH_PATHS = "$(inherited) @executable_path/Frameworks";
				PRODUCT_BUNDLE_IDENTIFIER = YK.MutableImagePicker;
				PRODUCT_NAME = "$(TARGET_NAME)";
			};
			name = Release;
		};
		2744FB381D2E4E8700AE0211 /* Debug */ = {
			isa = XCBuildConfiguration;
			buildSettings = {
				BUNDLE_LOADER = "$(TEST_HOST)";
				INFOPLIST_FILE = MutableImagePickerTests/Info.plist;
				LD_RUNPATH_SEARCH_PATHS = "$(inherited) @executable_path/Frameworks @loader_path/Frameworks";
				PRODUCT_BUNDLE_IDENTIFIER = YK.MutableImagePickerTests;
				PRODUCT_NAME = "$(TARGET_NAME)";
				TEST_HOST = "$(BUILT_PRODUCTS_DIR)/MutableImagePicker.app/MutableImagePicker";
			};
			name = Debug;
		};
		2744FB391D2E4E8700AE0211 /* Release */ = {
			isa = XCBuildConfiguration;
			buildSettings = {
				BUNDLE_LOADER = "$(TEST_HOST)";
				INFOPLIST_FILE = MutableImagePickerTests/Info.plist;
				LD_RUNPATH_SEARCH_PATHS = "$(inherited) @executable_path/Frameworks @loader_path/Frameworks";
				PRODUCT_BUNDLE_IDENTIFIER = YK.MutableImagePickerTests;
				PRODUCT_NAME = "$(TARGET_NAME)";
				TEST_HOST = "$(BUILT_PRODUCTS_DIR)/MutableImagePicker.app/MutableImagePicker";
			};
			name = Release;
		};
		2744FB3B1D2E4E8700AE0211 /* Debug */ = {
			isa = XCBuildConfiguration;
			buildSettings = {
				INFOPLIST_FILE = MutableImagePickerUITests/Info.plist;
				LD_RUNPATH_SEARCH_PATHS = "$(inherited) @executable_path/Frameworks @loader_path/Frameworks";
				PRODUCT_BUNDLE_IDENTIFIER = YK.MutableImagePickerUITests;
				PRODUCT_NAME = "$(TARGET_NAME)";
				TEST_TARGET_NAME = MutableImagePicker;
			};
			name = Debug;
		};
		2744FB3C1D2E4E8700AE0211 /* Release */ = {
			isa = XCBuildConfiguration;
			buildSettings = {
				INFOPLIST_FILE = MutableImagePickerUITests/Info.plist;
				LD_RUNPATH_SEARCH_PATHS = "$(inherited) @executable_path/Frameworks @loader_path/Frameworks";
				PRODUCT_BUNDLE_IDENTIFIER = YK.MutableImagePickerUITests;
				PRODUCT_NAME = "$(TARGET_NAME)";
				TEST_TARGET_NAME = MutableImagePicker;
			};
			name = Release;
		};
/* End XCBuildConfiguration section */

/* Begin XCConfigurationList section */
		2744FB021D2E4E8700AE0211 /* Build configuration list for PBXProject "MutableImagePicker" */ = {
			isa = XCConfigurationList;
			buildConfigurations = (
				2744FB321D2E4E8700AE0211 /* Debug */,
				2744FB331D2E4E8700AE0211 /* Release */,
			);
			defaultConfigurationIsVisible = 0;
			defaultConfigurationName = Release;
		};
		2744FB341D2E4E8700AE0211 /* Build configuration list for PBXNativeTarget "MutableImagePicker" */ = {
			isa = XCConfigurationList;
			buildConfigurations = (
				2744FB351D2E4E8700AE0211 /* Debug */,
				2744FB361D2E4E8700AE0211 /* Release */,
			);
			defaultConfigurationIsVisible = 0;
		};
		2744FB371D2E4E8700AE0211 /* Build configuration list for PBXNativeTarget "MutableImagePickerTests" */ = {
			isa = XCConfigurationList;
			buildConfigurations = (
				2744FB381D2E4E8700AE0211 /* Debug */,
				2744FB391D2E4E8700AE0211 /* Release */,
			);
			defaultConfigurationIsVisible = 0;
		};
		2744FB3A1D2E4E8700AE0211 /* Build configuration list for PBXNativeTarget "MutableImagePickerUITests" */ = {
			isa = XCConfigurationList;
			buildConfigurations = (
				2744FB3B1D2E4E8700AE0211 /* Debug */,
				2744FB3C1D2E4E8700AE0211 /* Release */,
			);
			defaultConfigurationIsVisible = 0;
		};
/* End XCConfigurationList section */
	};
	rootObject = 2744FAFF1D2E4E8700AE0211 /* Project object */;
}
